Microsoft Visual Studio Solution File, Format Version 11.00
# Visual Studio 2008

Project("{011CEAD4-EE07-C1F4-C8A9-0649C9BF1270}") = "MyFirstAndroidProject", "Assembly-CSharp.csproj", "{5C4D4A79-B22D-99B1-D7DC-BB4875DF6542}"
EndProject
Global
	GlobalSection(SolutionConfigurationPlatforms) = preSolution
		Debug|Any CPU = Debug|Any CPU
		Release|Any CPU = Release|Any CPU
	EndGlobalSection
	GlobalSection(ProjectConfigurationPlatforms) = postSolution
		{5C4D4A79-B22D-99B1-D7DC-BB4875DF6542}.Debug|Any CPU.ActiveCfg = Debug|Any CPU
		{5C4D4A79-B22D-99B1-D7DC-BB4875DF6542}.Debug|Any CPU.Build.0 = Debug|Any CPU
		{5C4D4A79-B22D-99B1-D7DC-BB4875DF6542}.Release|Any CPU.ActiveCfg = Release|Any CPU
		{5C4D4A79-B22D-99B1-D7DC-BB4875DF6542}.Release|Any CPU.Build.0 = Release|Any CPU
	EndGlobalSection
	GlobalSection(SolutionProperties) = preSolution
		HideSolutionNode = FALSE
	EndGlobalSection
	GlobalSection(MonoDevelopProperties) = preSolution
		StartupItem = Assembly-CSharp.csproj
	EndGlobalSection
EndGlobal
